
Microsoft Visual Studio Solution File, Format Version 12.00
# Visual Studio 15
VisualStudioVersion = 15.0.28307.1433
MinimumVisualStudioVersion = 10.0.40219.1
Project("{FAE04EC0-301F-11D3-BF4B-00C04F79EFBC}") = "CSF1Homework", "..\CSF1Homework\CSF1Homework.csproj", "{E22B28D8-D0F8-48DC-8C22-97C67AEF34CE}"
EndProject
Global
	GlobalSection(SolutionConfigurationPlatforms) = preSolution
		Debug|Any CPU = Debug|Any CPU
		Release|Any CPU = Release|Any CPU
	EndGlobalSection
	GlobalSection(ProjectConfigurationPlatforms) = postSolution
		{E22B28D8-D0F8-48DC-8C22-97C67AEF34CE}.Debug|Any CPU.ActiveCfg = Debug|Any CPU
		{E22B28D8-D0F8-48DC-8C22-97C67AEF34CE}.Debug|Any CPU.Build.0 = Debug|Any CPU
		{E22B28D8-D0F8-48DC-8C22-97C67AEF34CE}.Release|Any CPU.ActiveCfg = Release|Any CPU
		{E22B28D8-D0F8-48DC-8C22-97C67AEF34CE}.Release|Any CPU.Build.0 = Release|Any CPU
	EndGlobalSection
	GlobalSection(SolutionProperties) = preSolution
		HideSolutionNode = FALSE
	EndGlobalSection
	GlobalSection(ExtensibilityGlobals) = postSolution
		SolutionGuid = {BE5AB76D-63FB-41F7-87E4-836DA1B351F0}
	EndGlobalSection
EndGlobal
